
Microsoft Visual Studio Solution File, Format Version 12.00
# Visual Studio 15
VisualStudioVersion = 15.0.28010.2026
MinimumVisualStudioVersion = 10.0.40219.1
Project("{FAE04EC0-301F-11D3-BF4B-00C04F79EFBC}") = "Commons", "Commons\Commons.csproj", "{C471C420-0B42-414B-A2BD-AA67DF5DC7BD}"
EndProject
Project("{FAE04EC0-301F-11D3-BF4B-00C04F79EFBC}") = "CLASystem", "CLASystem\CLASystem.csproj", "{B96712F7-1542-4701-A205-F18051310764}"
EndProject
Project("{FAE04EC0-301F-11D3-BF4B-00C04F79EFBC}") = "CLAsite", "CLAsite\CLAsite.csproj", "{F3FD7A9E-29E3-4286-AD85-FE81BEFD219A}"
EndProject
Global
	GlobalSection(SolutionConfigurationPlatforms) = preSolution
		Debug|Any CPU = Debug|Any CPU
		Release|Any CPU = Release|Any CPU
	EndGlobalSection
	GlobalSection(ProjectConfigurationPlatforms) = postSolution
		{C471C420-0B42-414B-A2BD-AA67DF5DC7BD}.Debug|Any CPU.ActiveCfg = Debug|Any CPU
		{C471C420-0B42-414B-A2BD-AA67DF5DC7BD}.Debug|Any CPU.Build.0 = Debug|Any CPU
		{C471C420-0B42-414B-A2BD-AA67DF5DC7BD}.Release|Any CPU.ActiveCfg = Release|Any CPU
		{C471C420-0B42-414B-A2BD-AA67DF5DC7BD}.Release|Any CPU.Build.0 = Release|Any CPU
		{B96712F7-1542-4701-A205-F18051310764}.Debug|Any CPU.ActiveCfg = Debug|Any CPU
		{B96712F7-1542-4701-A205-F18051310764}.Debug|Any CPU.Build.0 = Debug|Any CPU
		{B96712F7-1542-4701-A205-F18051310764}.Release|Any CPU.ActiveCfg = Release|Any CPU
		{B96712F7-1542-4701-A205-F18051310764}.Release|Any CPU.Build.0 = Release|Any CPU
		{F3FD7A9E-29E3-4286-AD85-FE81BEFD219A}.Debug|Any CPU.ActiveCfg = Debug|Any CPU
		{F3FD7A9E-29E3-4286-AD85-FE81BEFD219A}.Debug|Any CPU.Build.0 = Debug|Any CPU
		{F3FD7A9E-29E3-4286-AD85-FE81BEFD219A}.Release|Any CPU.ActiveCfg = Release|Any CPU
		{F3FD7A9E-29E3-4286-AD85-FE81BEFD219A}.Release|Any CPU.Build.0 = Release|Any CPU
	EndGlobalSection
	GlobalSection(SolutionProperties) = preSolution
		HideSolutionNode = FALSE
	EndGlobalSection
	GlobalSection(ExtensibilityGlobals) = postSolution
		SolutionGuid = {5B00FD87-CB4C-4F9B-8E8A-BC602153AFE0}
	EndGlobalSection
EndGlobal
