
Microsoft Visual Studio Solution File, Format Version 12.00
# Visual Studio 15
VisualStudioVersion = 15.0.28010.2026
MinimumVisualStudioVersion = 10.0.40219.1
Project("{FAE04EC0-301F-11D3-BF4B-00C04F79EFBC}") = "Commons", "Commons\Commons.csproj", "{C471C420-0B42-414B-A2BD-AA67DF5DC7BD}"
EndProject
Project("{FAE04EC0-301F-11D3-BF4B-00C04F79EFBC}") = "CLAprogram", "CLAprogram\CLAprogram.csproj", "{FE5DDB0E-DF74-4D66-9B63-6597CEC31A55}"
EndProject
Project("{9A19103F-16F7-4668-BE54-9A1E7A4F7556}") = "ClientWebService", "ClientWebService\ClientWebService.csproj", "{1DB8135A-C529-40DF-B6D2-F2C58B75B95F}"
EndProject
Global
	GlobalSection(SolutionConfigurationPlatforms) = preSolution
		Debug|Any CPU = Debug|Any CPU
		Release|Any CPU = Release|Any CPU
	EndGlobalSection
	GlobalSection(ProjectConfigurationPlatforms) = postSolution
		{C471C420-0B42-414B-A2BD-AA67DF5DC7BD}.Debug|Any CPU.ActiveCfg = Debug|Any CPU
		{C471C420-0B42-414B-A2BD-AA67DF5DC7BD}.Debug|Any CPU.Build.0 = Debug|Any CPU
		{C471C420-0B42-414B-A2BD-AA67DF5DC7BD}.Release|Any CPU.ActiveCfg = Release|Any CPU
		{C471C420-0B42-414B-A2BD-AA67DF5DC7BD}.Release|Any CPU.Build.0 = Release|Any CPU
		{FE5DDB0E-DF74-4D66-9B63-6597CEC31A55}.Debug|Any CPU.ActiveCfg = Debug|Any CPU
		{FE5DDB0E-DF74-4D66-9B63-6597CEC31A55}.Debug|Any CPU.Build.0 = Debug|Any CPU
		{FE5DDB0E-DF74-4D66-9B63-6597CEC31A55}.Release|Any CPU.ActiveCfg = Release|Any CPU
		{FE5DDB0E-DF74-4D66-9B63-6597CEC31A55}.Release|Any CPU.Build.0 = Release|Any CPU
		{1DB8135A-C529-40DF-B6D2-F2C58B75B95F}.Debug|Any CPU.ActiveCfg = Debug|Any CPU
		{1DB8135A-C529-40DF-B6D2-F2C58B75B95F}.Debug|Any CPU.Build.0 = Debug|Any CPU
		{1DB8135A-C529-40DF-B6D2-F2C58B75B95F}.Release|Any CPU.ActiveCfg = Release|Any CPU
		{1DB8135A-C529-40DF-B6D2-F2C58B75B95F}.Release|Any CPU.Build.0 = Release|Any CPU
	EndGlobalSection
	GlobalSection(SolutionProperties) = preSolution
		HideSolutionNode = FALSE
	EndGlobalSection
	GlobalSection(ExtensibilityGlobals) = postSolution
		SolutionGuid = {5B00FD87-CB4C-4F9B-8E8A-BC602153AFE0}
	EndGlobalSection
EndGlobal
